<?xml version="1.0" encoding="UTF-8" standalone="yes" ?>
<CodeBlocks_project_file>
	<FileVersion major="1" minor="6" />
	<Project>
		<Option title="PathTracer" />
		<Option pch_mode="2" />
		<Option compiler="gcc" />
		<Build>
			<Target title="Debug">
				<Option output="bin/Debug/PathTracer" prefix_auto="1" extension_auto="1" />
				<Option object_output="obj/Debug/" />
				<Option type="1" />
				<Option compiler="gcc" />
				<Compiler>
					<Add option="-pedantic" />
					<Add option="-Wextra" />
					<Add option="-Wall" />
					<Add option="-g" />
					<Add option="-std=c++14" />
				</Compiler>
			</Target>
			<Target title="Release">
				<Option output="bin/Release/PathTracer" prefix_auto="1" extension_auto="1" />
				<Option object_output="obj/Release/" />
				<Option type="1" />
				<Option compiler="gcc" />
				<Compiler>
					<Add option="-O2" />
				</Compiler>
				<Linker>
					<Add option="-s" />
				</Linker>
			</Target>
			<Target title="vector_test">
				<Option output="bin/vector_test/PathTracer" prefix_auto="1" extension_auto="1" />
				<Option object_output="obj/vector_test/" />
				<Option type="1" />
				<Option compiler="gcc" />
				<Compiler>
					<Add option="-g" />
				</Compiler>
			</Target>
			<Target title="Profile">
				<Option output="bin/Debug/PathTracer" prefix_auto="1" extension_auto="1" />
				<Option object_output="obj/Debug/" />
				<Option type="1" />
				<Option compiler="gcc" />
				<Compiler>
					<Add option="-pg" />
					<Add option="-Og" />
					<Add option="-g" />
				</Compiler>
				<Linker>
					<Add option="-pg -lgmon" />
				</Linker>
			</Target>
			<Target title="bvh_test">
				<Option output="bin/bvh_test/PathTracer" prefix_auto="1" extension_auto="1" />
				<Option object_output="obj/bvh_test" />
				<Option type="1" />
				<Option compiler="gcc" />
				<Compiler>
					<Add option="-Wextra" />
					<Add option="-Wall" />
					<Add option="-g" />
					<Add option="-DBVH_TEST" />
				</Compiler>
			</Target>
			<Target title="image_test">
				<Option output="bin/image_test/PathTracer" prefix_auto="1" extension_auto="1" />
				<Option object_output="obj/image_test" />
				<Option type="1" />
				<Option compiler="gcc" />
				<Compiler>
					<Add option="-Wextra" />
					<Add option="-Wall" />
					<Add option="-g" />
					<Add option="-DBVH_TEST" />
				</Compiler>
			</Target>
			<Target title="emissive_test">
				<Option output="bin/emissive_test/PathTracer" prefix_auto="1" extension_auto="1" />
				<Option object_output="obj/emissive_test" />
				<Option type="1" />
				<Option compiler="gcc" />
				<Compiler>
					<Add option="-Wextra" />
					<Add option="-Wall" />
					<Add option="-g" />
					<Add option="-DBVH_TEST" />
				</Compiler>
			</Target>
			<Target title="specular_test">
				<Option output="bin/specular_test/PathTracer" prefix_auto="1" extension_auto="1" />
				<Option object_output="obj/specular_test" />
				<Option type="1" />
				<Option compiler="gcc" />
				<Compiler>
					<Add option="-Wextra" />
					<Add option="-Wall" />
					<Add option="-g" />
					<Add option="-DBVH_TEST" />
				</Compiler>
				<Linker>
					<Add library="ncurses" />
				</Linker>
			</Target>
			<Target title="triangle_test">
				<Option output="bin/triangle_test/PathTracer" prefix_auto="1" extension_auto="1" />
				<Option object_output="obj/triangle_test" />
				<Option type="1" />
				<Option compiler="gcc" />
				<Compiler>
					<Add option="-Wextra" />
					<Add option="-Wall" />
					<Add option="-g" />
					<Add option="-DBVH_TEST" />
				</Compiler>
				<Linker>
					<Add library="ncurses" />
				</Linker>
			</Target>
			<Target title="pbar_test">
				<Option output="bin/pbar_test/PathTracer" prefix_auto="1" extension_auto="1" />
				<Option object_output="obj/pbar_test" />
				<Option type="1" />
				<Option compiler="gcc" />
				<Compiler>
					<Add option="-Wextra" />
					<Add option="-Wall" />
					<Add option="-g" />
					<Add option="-DBVH_TEST" />
				</Compiler>
				<Linker>
					<Add option="-static-libstdc++" />
					<Add option="-static-libgcc" />
					<Add option="-static" />
					<Add library="ncurses" />
				</Linker>
			</Target>
			<Target title="pdf_test">
				<Option output="bin/pdf_test/PathTracer" prefix_auto="1" extension_auto="1" />
				<Option object_output="obj/pdf_test" />
				<Option type="1" />
				<Option compiler="gcc" />
				<Compiler>
					<Add option="-Wextra" />
					<Add option="-Wall" />
					<Add option="-g" />
					<Add option="-DBVH_TEST" />
				</Compiler>
				<Linker>
					<Add option="-static-libstdc++" />
					<Add option="-static-libgcc" />
					<Add option="-static" />
					<Add library="ncurses" />
				</Linker>
			</Target>
			<Target title="impsmp_test">
				<Option output="bin/impsmp_test/PathTracer" prefix_auto="1" extension_auto="1" />
				<Option object_output="obj/impsmp_test" />
				<Option type="1" />
				<Option compiler="gcc" />
				<Compiler>
					<Add option="-Wextra" />
					<Add option="-Wall" />
					<Add option="-Og" />
					<Add option="-g" />
					<Add option="-DBVH_TEST" />
				</Compiler>
				<Linker>
					<Add option="-static-libstdc++" />
					<Add option="-static-libgcc" />
					<Add option="-static" />
					<Add library="ncurses" />
				</Linker>
			</Target>
		</Build>
		<Compiler>
			<Add option="-Wall" />
			<Add option="-fexceptions" />
			<Add directory="../PathTracer" />
		</Compiler>
		<Unit filename="external/stb.h">
			<Option target="&lt;{~None~}&gt;" />
		</Unit>
		<Unit filename="external/stb_impl.cpp" />
		<Unit filename="external/tol.h">
			<Option target="&lt;{~None~}&gt;" />
		</Unit>
		<Unit filename="external/tol_impl.cpp" />
		<Unit filename="image/ImageOutputBase.h">
			<Option target="&lt;{~None~}&gt;" />
		</Unit>
		<Unit filename="image/ImageOutputPPM.h">
			<Option target="&lt;{~None~}&gt;" />
		</Unit>
		<Unit filename="main.cpp">
			<Option target="Debug" />
			<Option target="Release" />
			<Option target="Profile" />
		</Unit>
		<Unit filename="material/blinn_phong.h">
			<Option target="&lt;{~None~}&gt;" />
		</Unit>
		<Unit filename="material/bsdf/bsdf.h">
			<Option target="&lt;{~None~}&gt;" />
		</Unit>
		<Unit filename="material/bsdf/bsdf_base.h">
			<Option target="&lt;{~None~}&gt;" />
		</Unit>
		<Unit filename="material/bsdf/bsdf_bp_specular.h">
			<Option target="&lt;{~None~}&gt;" />
		</Unit>
		<Unit filename="material/bsdf/bsdf_lambertian.h">
			<Option target="&lt;{~None~}&gt;" />
		</Unit>
		<Unit filename="material/bsdf/bsdf_specular_reflection.h">
			<Option target="&lt;{~None~}&gt;" />
		</Unit>
		<Unit filename="material/bsdf/bsdf_specular_refraction.h">
			<Option target="&lt;{~None~}&gt;" />
		</Unit>
		<Unit filename="material/dielectric.h">
			<Option target="&lt;{~None~}&gt;" />
		</Unit>
		<Unit filename="material/emissive_simple.h">
			<Option target="&lt;{~None~}&gt;" />
		</Unit>
		<Unit filename="material/lambertian_simple.h">
			<Option target="&lt;{~None~}&gt;" />
		</Unit>
		<Unit filename="material/material_base.h">
			<Option target="&lt;{~None~}&gt;" />
		</Unit>
		<Unit filename="material/metallic.h">
			<Option target="&lt;{~None~}&gt;" />
		</Unit>
		<Unit filename="material/pdf/pdf.h">
			<Option target="&lt;{~None~}&gt;" />
		</Unit>
		<Unit filename="material/pdf/pdf_base.h">
			<Option target="&lt;{~None~}&gt;" />
		</Unit>
		<Unit filename="material/pdf/pdf_cosp.h">
			<Option target="&lt;{~None~}&gt;" />
		</Unit>
		<Unit filename="material/pdf/pdf_mixture.h">
			<Option target="&lt;{~None~}&gt;" />
		</Unit>
		<Unit filename="material/pdf/pdf_object.h">
			<Option target="&lt;{~None~}&gt;" />
		</Unit>
		<Unit filename="material/texture/checker_texture.h">
			<Option target="&lt;{~None~}&gt;" />
		</Unit>
		<Unit filename="material/texture/image_texture.h">
			<Option target="&lt;{~None~}&gt;" />
		</Unit>
		<Unit filename="material/texture/texture_base.h">
			<Option target="&lt;{~None~}&gt;" />
		</Unit>
		<Unit filename="objects/object_base.h">
			<Option target="&lt;{~None~}&gt;" />
		</Unit>
		<Unit filename="objects/objlist_base.h">
			<Option target="&lt;{~None~}&gt;" />
		</Unit>
		<Unit filename="objects/objlist_naive.h">
			<Option target="&lt;{~None~}&gt;" />
		</Unit>
		<Unit filename="objects/spatial_structure/aabb.cpp" />
		<Unit filename="objects/spatial_structure/aabb.h">
			<Option target="&lt;{~None~}&gt;" />
		</Unit>
		<Unit filename="objects/spatial_structure/bvh/bvh.cpp">
			<Option target="Debug" />
			<Option target="Release" />
			<Option target="Profile" />
			<Option target="bvh_test" />
			<Option target="image_test" />
			<Option target="emissive_test" />
			<Option target="specular_test" />
			<Option target="triangle_test" />
			<Option target="pbar_test" />
			<Option target="pdf_test" />
			<Option target="impsmp_test" />
		</Unit>
		<Unit filename="objects/spatial_structure/bvh/bvh.h">
			<Option target="&lt;{~None~}&gt;" />
		</Unit>
		<Unit filename="objects/spatial_structure/mesh.h">
			<Option target="&lt;{~None~}&gt;" />
		</Unit>
		<Unit filename="objects/sphere.h">
			<Option target="&lt;{~None~}&gt;" />
		</Unit>
		<Unit filename="objects/triangle_flat.h">
			<Option target="&lt;{~None~}&gt;" />
		</Unit>
		<Unit filename="ray/camera.h">
			<Option target="&lt;{~None~}&gt;" />
		</Unit>
		<Unit filename="ray/light/light.h">
			<Option target="&lt;{~None~}&gt;" />
		</Unit>
		<Unit filename="ray/light/light_base.h">
			<Option target="&lt;{~None~}&gt;" />
		</Unit>
		<Unit filename="ray/light/light_shape.h">
			<Option target="&lt;{~None~}&gt;" />
		</Unit>
		<Unit filename="ray/ray.h">
			<Option target="&lt;{~None~}&gt;" />
		</Unit>
		<Unit filename="skybox/skybox_base.h" />
		<Unit filename="skybox/skybox_colored.h">
			<Option target="&lt;{~None~}&gt;" />
		</Unit>
		<Unit filename="test/bvh_test.cpp">
			<Option target="bvh_test" />
		</Unit>
		<Unit filename="test/cornellbox_def.h" />
		<Unit filename="test/emissive_test.cpp">
			<Option target="emissive_test" />
		</Unit>
		<Unit filename="test/image_test.cpp">
			<Option target="image_test" />
		</Unit>
		<Unit filename="test/importance_sampling_test.cpp">
			<Option target="impsmp_test" />
		</Unit>
		<Unit filename="test/pbar_test.cpp">
			<Option target="pbar_test" />
		</Unit>
		<Unit filename="test/pdf_test.cpp">
			<Option target="pdf_test" />
		</Unit>
		<Unit filename="test/specular_test.cpp">
			<Option target="specular_test" />
		</Unit>
		<Unit filename="test/triangle_test.cpp">
			<Option target="triangle_test" />
		</Unit>
		<Unit filename="tracer/concurrent_trace.h">
			<Option target="Debug" />
			<Option target="Release" />
			<Option target="vector_test" />
			<Option target="Profile" />
			<Option target="bvh_test" />
			<Option target="image_test" />
			<Option target="emissive_test" />
			<Option target="specular_test" />
			<Option target="triangle_test" />
		</Unit>
		<Unit filename="tracer/progress_bar.h">
			<Option target="&lt;{~None~}&gt;" />
		</Unit>
		<Unit filename="tracer/shadow_ray_trace.h">
			<Option target="&lt;{~None~}&gt;" />
		</Unit>
		<Unit filename="tracer/tracer.h">
			<Option target="&lt;{~None~}&gt;" />
		</Unit>
		<Unit filename="utils/color.h">
			<Option target="&lt;{~None~}&gt;" />
		</Unit>
		<Unit filename="utils/defs.cpp" />
		<Unit filename="utils/defs.h">
			<Option target="&lt;{~None~}&gt;" />
		</Unit>
		<Unit filename="utils/orthonormal_basis.h">
			<Option target="&lt;{~None~}&gt;" />
		</Unit>
		<Unit filename="utils/vec3d.h">
			<Option target="&lt;{~None~}&gt;" />
		</Unit>
		<Unit filename="utils/vec_double_spec.h">
			<Option target="&lt;{~None~}&gt;" />
		</Unit>
		<Unit filename="utils/vec_template.h">
			<Option target="&lt;{~None~}&gt;" />
		</Unit>
		<Unit filename="vector_feature_test.cpp">
			<Option target="vector_test" />
		</Unit>
		<Extensions>
			<lib_finder disable_auto="1" />
		</Extensions>
	</Project>
</CodeBlocks_project_file>
